
Microsoft Visual Studio Solution File, Format Version 11.00
# Visual Studio 2010
Project("{FAE04EC0-301F-11D3-BF4B-00C04F79EFBC}") = "PasswordUsher.Core", "PasswordUsher.Core\PasswordUsher.Core.csproj", "{FC78415A-BC12-4E79-8D10-2844DF1468A6}"
EndProject
Project("{FAE04EC0-301F-11D3-BF4B-00C04F79EFBC}") = "PasswordUsher.Core.Tests", "PasswordUsher.Core.Tests\PasswordUsher.Core.Tests.csproj", "{BA0EEB63-1A35-43AC-AE3F-17AF12E800C6}"
EndProject
Project("{FAE04EC0-301F-11D3-BF4B-00C04F79EFBC}") = "PasswordUsher.Domain", "PasswordUsher.Domain\PasswordUsher.Domain.csproj", "{7B0449ED-A5BC-45F7-8A69-64A2AAEDB87A}"
EndProject
Project("{FAE04EC0-301F-11D3-BF4B-00C04F79EFBC}") = "PasswordUsher", "PasswordUsher\PasswordUsher.csproj", "{FCF348B1-AD02-42A9-BCED-4788087B6342}"
EndProject
Global
	GlobalSection(SolutionConfigurationPlatforms) = preSolution
		Debug|x86 = Debug|x86
		Release|x86 = Release|x86
	EndGlobalSection
	GlobalSection(ProjectConfigurationPlatforms) = postSolution
		{7B0449ED-A5BC-45F7-8A69-64A2AAEDB87A}.Debug|x86.ActiveCfg = Debug|Any CPU
		{7B0449ED-A5BC-45F7-8A69-64A2AAEDB87A}.Debug|x86.Build.0 = Debug|Any CPU
		{7B0449ED-A5BC-45F7-8A69-64A2AAEDB87A}.Release|x86.ActiveCfg = Release|Any CPU
		{7B0449ED-A5BC-45F7-8A69-64A2AAEDB87A}.Release|x86.Build.0 = Release|Any CPU
		{BA0EEB63-1A35-43AC-AE3F-17AF12E800C6}.Debug|x86.ActiveCfg = Debug|Any CPU
		{BA0EEB63-1A35-43AC-AE3F-17AF12E800C6}.Debug|x86.Build.0 = Debug|Any CPU
		{BA0EEB63-1A35-43AC-AE3F-17AF12E800C6}.Release|x86.ActiveCfg = Release|Any CPU
		{BA0EEB63-1A35-43AC-AE3F-17AF12E800C6}.Release|x86.Build.0 = Release|Any CPU
		{FC78415A-BC12-4E79-8D10-2844DF1468A6}.Debug|x86.ActiveCfg = Debug|Any CPU
		{FC78415A-BC12-4E79-8D10-2844DF1468A6}.Debug|x86.Build.0 = Debug|Any CPU
		{FC78415A-BC12-4E79-8D10-2844DF1468A6}.Release|x86.ActiveCfg = Release|Any CPU
		{FC78415A-BC12-4E79-8D10-2844DF1468A6}.Release|x86.Build.0 = Release|Any CPU
		{FCF348B1-AD02-42A9-BCED-4788087B6342}.Debug|x86.ActiveCfg = Debug|x86
		{FCF348B1-AD02-42A9-BCED-4788087B6342}.Debug|x86.Build.0 = Debug|x86
		{FCF348B1-AD02-42A9-BCED-4788087B6342}.Release|x86.ActiveCfg = Release|x86
		{FCF348B1-AD02-42A9-BCED-4788087B6342}.Release|x86.Build.0 = Release|x86
	EndGlobalSection
	GlobalSection(MonoDevelopProperties) = preSolution
		StartupItem = PasswordUsher.Core.Tests\PasswordUsher.Core.Tests.csproj
		Policies = $0
		$0.DotNetNamingPolicy = $1
		$1.DirectoryNamespaceAssociation = None
		$1.ResourceNamePolicy = FileFormatDefault
		$0.VersionControlPolicy = $2
		$2.inheritsSet = Mono
		$0.ChangeLogPolicy = $3
		$3.UpdateMode = None
		$3.MessageStyle = $4
		$4.LineAlign = 0
		$3.inheritsSet = Mono
	EndGlobalSection
EndGlobal
